
Microsoft Visual Studio Solution File, Format Version 12.00
# Visual Studio 15
VisualStudioVersion = 15.0.28010.2048
MinimumVisualStudioVersion = 10.0.40219.1
Project("{8BC9CEB8-8B4A-11D0-8D11-00A0C91BC942}") = "cv-win32", "win32\cv-win32.vcxproj", "{8B75A08A-7A33-4658-BC57-9D58A3C03643}"
EndProject
Project("{8BC9CEB8-8B4A-11D0-8D11-00A0C91BC942}") = "cv-cpp", "cpp\cv-cpp.vcxproj", "{3CC58452-2810-4AFA-9964-19E331794669}"
EndProject
Global
	GlobalSection(SolutionConfigurationPlatforms) = preSolution
		Debug|x64 = Debug|x64
		Debug|x86 = Debug|x86
		Release|x64 = Release|x64
		Release|x86 = Release|x86
	EndGlobalSection
	GlobalSection(ProjectConfigurationPlatforms) = postSolution
		{8B75A08A-7A33-4658-BC57-9D58A3C03643}.Debug|x64.ActiveCfg = Debug|x64
		{8B75A08A-7A33-4658-BC57-9D58A3C03643}.Debug|x64.Build.0 = Debug|x64
		{8B75A08A-7A33-4658-BC57-9D58A3C03643}.Debug|x86.ActiveCfg = Debug|x64
		{8B75A08A-7A33-4658-BC57-9D58A3C03643}.Debug|x86.Build.0 = Debug|x64
		{8B75A08A-7A33-4658-BC57-9D58A3C03643}.Release|x64.ActiveCfg = Release|x64
		{8B75A08A-7A33-4658-BC57-9D58A3C03643}.Release|x64.Build.0 = Release|x64
		{8B75A08A-7A33-4658-BC57-9D58A3C03643}.Release|x86.ActiveCfg = Release|Win32
		{8B75A08A-7A33-4658-BC57-9D58A3C03643}.Release|x86.Build.0 = Release|Win32
		{3CC58452-2810-4AFA-9964-19E331794669}.Debug|x64.ActiveCfg = Debug|x64
		{3CC58452-2810-4AFA-9964-19E331794669}.Debug|x64.Build.0 = Debug|x64
		{3CC58452-2810-4AFA-9964-19E331794669}.Debug|x86.ActiveCfg = Debug|x64
		{3CC58452-2810-4AFA-9964-19E331794669}.Debug|x86.Build.0 = Debug|x64
		{3CC58452-2810-4AFA-9964-19E331794669}.Release|x64.ActiveCfg = Release|x64
		{3CC58452-2810-4AFA-9964-19E331794669}.Release|x64.Build.0 = Release|x64
		{3CC58452-2810-4AFA-9964-19E331794669}.Release|x86.ActiveCfg = Release|Win32
		{3CC58452-2810-4AFA-9964-19E331794669}.Release|x86.Build.0 = Release|Win32
	EndGlobalSection
	GlobalSection(SolutionProperties) = preSolution
		HideSolutionNode = FALSE
	EndGlobalSection
	GlobalSection(ExtensibilityGlobals) = postSolution
		SolutionGuid = {2C274385-685C-4758-9FBA-EBB6A6656081}
	EndGlobalSection
EndGlobal
